
Microsoft Visual Studio Solution File, Format Version 12.00
# Visual Studio Version 17
VisualStudioVersion = 17.10.35027.167
MinimumVisualStudioVersion = 10.0.40219.1
Project("{FAE04EC0-301F-11D3-BF4B-00C04F79EFBC}") = "cg-lab1", "cg-lab1.csproj", "{D51F9BD4-E113-4A8C-B3E3-C28F490291FD}"
EndProject
Global
	GlobalSection(SolutionConfigurationPlatforms) = preSolution
		Debug|Any CPU = Debug|Any CPU
		Release|Any CPU = Release|Any CPU
	EndGlobalSection
	GlobalSection(ProjectConfigurationPlatforms) = postSolution
		{D51F9BD4-E113-4A8C-B3E3-C28F490291FD}.Debug|Any CPU.ActiveCfg = Debug|Any CPU
		{D51F9BD4-E113-4A8C-B3E3-C28F490291FD}.Debug|Any CPU.Build.0 = Debug|Any CPU
		{D51F9BD4-E113-4A8C-B3E3-C28F490291FD}.Release|Any CPU.ActiveCfg = Release|Any CPU
		{D51F9BD4-E113-4A8C-B3E3-C28F490291FD}.Release|Any CPU.Build.0 = Release|Any CPU
	EndGlobalSection
	GlobalSection(SolutionProperties) = preSolution
		HideSolutionNode = FALSE
	EndGlobalSection
	GlobalSection(ExtensibilityGlobals) = postSolution
		SolutionGuid = {5DD69841-580B-4D1E-BD9E-08575C795FEE}
	EndGlobalSection
EndGlobal
